<?xml version="1.0" encoding="UTF-8"?>
<Project ToolsVersion="14.0" xmlns="http://schemas.microsoft.com/developer/msbuild/2003">
  <ItemGroup>
    <ClCompile Include="C:\Users\Shad\Documents\Spider\model\keylogger_dll\AEvent.cpp">
      <Filter>Source Files</Filter>
    </ClCompile>
    <ClCompile Include="C:\Users\Shad\Documents\Spider\model\keylogger_dll\AHook.cpp">
      <Filter>Source Files</Filter>
    </ClCompile>
    <ClCompile Include="C:\Users\Shad\Documents\Spider\model\keylogger_dll\EventFactory.cpp">
      <Filter>Source Files</Filter>
    </ClCompile>
    <ClCompile Include="C:\Users\Shad\Documents\Spider\model\keylogger_dll\EventManager.cpp">
      <Filter>Source Files</Filter>
    </ClCompile>
    <ClCompile Include="C:\Users\Shad\Documents\Spider\model\keylogger_dll\HookHandler.cpp">
      <Filter>Source Files</Filter>
    </ClCompile>
    <ClCompile Include="C:\Users\Shad\Documents\Spider\model\keylogger_dll\KeyboardEvent.cpp">
      <Filter>Source Files</Filter>
    </ClCompile>
    <ClCompile Include="C:\Users\Shad\Documents\Spider\model\keylogger_dll\KeyboardHook.cpp">
      <Filter>Source Files</Filter>
    </ClCompile>
    <ClCompile Include="C:\Users\Shad\Documents\Spider\model\keylogger_dll\Keylogger.cpp">
      <Filter>Source Files</Filter>
    </ClCompile>
    <ClCompile Include="C:\Users\Shad\Documents\Spider\model\keylogger_dll\MouseEvent.cpp">
      <Filter>Source Files</Filter>
    </ClCompile>
    <ClCompile Include="C:\Users\Shad\Documents\Spider\model\keylogger_dll\MouseHook.cpp">
      <Filter>Source Files</Filter>
    </ClCompile>
    <ClCompile Include="C:\Users\Shad\Documents\Spider\model\keylogger_dll\instantiate.cpp">
      <Filter>Source Files</Filter>
    </ClCompile>
    <ClCompile Include="C:\Users\Shad\Documents\Spider\model\keylogger_dll\AHookObserver.cpp">
      <Filter>Source Files</Filter>
    </ClCompile>
    <ClCompile Include="C:\Users\Shad\Documents\Spider\model\keylogger_dll\Analyser.cpp">
      <Filter>Source Files</Filter>
    </ClCompile>
    <ClCompile Include="C:\Users\Shad\Documents\Spider\model\keylogger_dll\KeyboardHookObserver.cpp">
      <Filter>Source Files</Filter>
    </ClCompile>
    <ClCompile Include="C:\Users\Shad\Documents\Spider\model\keylogger_dll\MouseHookObserver.cpp">
      <Filter>Source Files</Filter>
    </ClCompile>
  </ItemGroup>
  <ItemGroup>
    <ClInclude Include="C:\Users\Shad\Documents\Spider\include\keylogger_dll\AEvent.h">
      <Filter>Header Files</Filter>
    </ClInclude>
    <ClInclude Include="C:\Users\Shad\Documents\Spider\include\keylogger_dll\AHook.h">
      <Filter>Header Files</Filter>
    </ClInclude>
    <ClInclude Include="C:\Users\Shad\Documents\Spider\include\keylogger_dll\Context.h">
      <Filter>Header Files</Filter>
    </ClInclude>
    <ClInclude Include="C:\Users\Shad\Documents\Spider\include\keylogger_dll\EventFactory.h">
      <Filter>Header Files</Filter>
    </ClInclude>
    <ClInclude Include="C:\Users\Shad\Documents\Spider\include\keylogger_dll\EventManager.h">
      <Filter>Header Files</Filter>
    </ClInclude>
    <ClInclude Include="C:\Users\Shad\Documents\Spider\include\keylogger_dll\HookHandler.h">
      <Filter>Header Files</Filter>
    </ClInclude>
    <ClInclude Include="C:\Users\Shad\Documents\Spider\include\keylogger_dll\KeyboardEvent.h">
      <Filter>Header Files</Filter>
    </ClInclude>
    <ClInclude Include="C:\Users\Shad\Documents\Spider\include\keylogger_dll\KeyboardHook.h">
      <Filter>Header Files</Filter>
    </ClInclude>
    <ClInclude Include="C:\Users\Shad\Documents\Spider\include\keylogger_dll\Keylogger.h">
      <Filter>Header Files</Filter>
    </ClInclude>
    <ClInclude Include="C:\Users\Shad\Documents\Spider\include\keylogger_dll\MouseEvent.h">
      <Filter>Header Files</Filter>
    </ClInclude>
    <ClInclude Include="C:\Users\Shad\Documents\Spider\include\keylogger_dll\MouseHook.h">
      <Filter>Header Files</Filter>
    </ClInclude>
    <ClInclude Include="C:\Users\Shad\Documents\Spider\include\keylogger_dll\IKeylogger.h">
      <Filter>Header Files</Filter>
    </ClInclude>
    <ClInclude Include="C:\Users\Shad\Documents\Spider\include\keylogger_dll\IHookObserver.h">
      <Filter>Header Files</Filter>
    </ClInclude>
    <ClInclude Include="C:\Users\Shad\Documents\Spider\include\keylogger_dll\MouseHookObserver.h">
      <Filter>Header Files</Filter>
    </ClInclude>
    <ClInclude Include="C:\Users\Shad\Documents\Spider\include\keylogger_dll\KeyboardHookObserver.h">
      <Filter>Header Files</Filter>
    </ClInclude>
    <ClInclude Include="C:\Users\Shad\Documents\Spider\include\keylogger_dll\Analyser.h">
      <Filter>Header Files</Filter>
    </ClInclude>
    <ClInclude Include="C:\Users\Shad\Documents\Spider\include\keylogger_dll\AHookObserver.h">
      <Filter>Header Files</Filter>
    </ClInclude>
  </ItemGroup>
  <ItemGroup>
    <CustomBuild Include="C:\Users\Shad\Documents\Spider\model\CMakeLists.txt" />
  </ItemGroup>
  <ItemGroup>
    <Filter Include="Source Files">
      <UniqueIdentifier>{BB4EFF82-FA6F-376F-B210-F8F6E2C2BE3F}</UniqueIdentifier>
    </Filter>
    <Filter Include="Header Files">
      <UniqueIdentifier>{469D2F7F-679A-3C8B-91FC-ADB2011FB455}</UniqueIdentifier>
    </Filter>
  </ItemGroup>
</Project>
