Microsoft Visual Studio Solution File, Format Version 12.00
# Visual Studio 14
VisualStudioVersion = 14.0.25420.1
MinimumVisualStudioVersion = 10.0.40219.1
Project("{8BC9CEB8-8B4A-11D0-8D11-00A0C91BC942}") = "ALL_BUILD", "ALL_BUILD.vcxproj", "{CA7ED9BF-0580-3E60-8EC5-169B8DBDC316}"
	ProjectSection(ProjectDependencies) = postProject
		{2FAD13EE-90BF-3E30-8AA3-636B09D8CB21} = {2FAD13EE-90BF-3E30-8AA3-636B09D8CB21}
		{D3FFC3F8-AB7A-36BF-97EC-C049FB7B718D} = {D3FFC3F8-AB7A-36BF-97EC-C049FB7B718D}
		{0C17B002-86D2-3DA6-9E8A-DD9B5D4A6600} = {0C17B002-86D2-3DA6-9E8A-DD9B5D4A6600}
		{1F712C37-5DD3-393C-B0AC-621673114DEE} = {1F712C37-5DD3-393C-B0AC-621673114DEE}
		{41081675-4A99-351D-BAE9-BB34B94B0CF5} = {41081675-4A99-351D-BAE9-BB34B94B0CF5}
		{127C53F2-6EFF-3E5E-8FD3-19DA67DD99C9} = {127C53F2-6EFF-3E5E-8FD3-19DA67DD99C9}
		{789F92C7-51FB-3010-95DC-4D2738823FD2} = {789F92C7-51FB-3010-95DC-4D2738823FD2}
		{7A0FD772-B4A2-3D82-883B-B7B1AD6B1730} = {7A0FD772-B4A2-3D82-883B-B7B1AD6B1730}
	EndProjectSection
EndProject
Project("{8BC9CEB8-8B4A-11D0-8D11-00A0C91BC942}") = "DLLoader", "model\DLLoader.vcxproj", "{2FAD13EE-90BF-3E30-8AA3-636B09D8CB21}"
	ProjectSection(ProjectDependencies) = postProject
		{D3FFC3F8-AB7A-36BF-97EC-C049FB7B718D} = {D3FFC3F8-AB7A-36BF-97EC-C049FB7B718D}
	EndProjectSection
EndProject
Project("{8BC9CEB8-8B4A-11D0-8D11-00A0C91BC942}") = "ZERO_CHECK", "ZERO_CHECK.vcxproj", "{D3FFC3F8-AB7A-36BF-97EC-C049FB7B718D}"
EndProject
Project("{8BC9CEB8-8B4A-11D0-8D11-00A0C91BC942}") = "client", "client.vcxproj", "{0C17B002-86D2-3DA6-9E8A-DD9B5D4A6600}"
	ProjectSection(ProjectDependencies) = postProject
		{2FAD13EE-90BF-3E30-8AA3-636B09D8CB21} = {2FAD13EE-90BF-3E30-8AA3-636B09D8CB21}
		{D3FFC3F8-AB7A-36BF-97EC-C049FB7B718D} = {D3FFC3F8-AB7A-36BF-97EC-C049FB7B718D}
	EndProjectSection
EndProject
Project("{8BC9CEB8-8B4A-11D0-8D11-00A0C91BC942}") = "dataHandler", "model\dataHandler.vcxproj", "{1F712C37-5DD3-393C-B0AC-621673114DEE}"
	ProjectSection(ProjectDependencies) = postProject
		{D3FFC3F8-AB7A-36BF-97EC-C049FB7B718D} = {D3FFC3F8-AB7A-36BF-97EC-C049FB7B718D}
	EndProjectSection
EndProject
Project("{8BC9CEB8-8B4A-11D0-8D11-00A0C91BC942}") = "infoClient", "model\infoClient.vcxproj", "{41081675-4A99-351D-BAE9-BB34B94B0CF5}"
	ProjectSection(ProjectDependencies) = postProject
		{D3FFC3F8-AB7A-36BF-97EC-C049FB7B718D} = {D3FFC3F8-AB7A-36BF-97EC-C049FB7B718D}
	EndProjectSection
EndProject
Project("{8BC9CEB8-8B4A-11D0-8D11-00A0C91BC942}") = "keylogger_dll", "model\keylogger_dll.vcxproj", "{127C53F2-6EFF-3E5E-8FD3-19DA67DD99C9}"
	ProjectSection(ProjectDependencies) = postProject
		{D3FFC3F8-AB7A-36BF-97EC-C049FB7B718D} = {D3FFC3F8-AB7A-36BF-97EC-C049FB7B718D}
	EndProjectSection
EndProject
Project("{8BC9CEB8-8B4A-11D0-8D11-00A0C91BC942}") = "sayHello", "model\sayHello.vcxproj", "{789F92C7-51FB-3010-95DC-4D2738823FD2}"
	ProjectSection(ProjectDependencies) = postProject
		{D3FFC3F8-AB7A-36BF-97EC-C049FB7B718D} = {D3FFC3F8-AB7A-36BF-97EC-C049FB7B718D}
	EndProjectSection
EndProject
Project("{8BC9CEB8-8B4A-11D0-8D11-00A0C91BC942}") = "workQueueManager", "model\workQueueManager.vcxproj", "{7A0FD772-B4A2-3D82-883B-B7B1AD6B1730}"
	ProjectSection(ProjectDependencies) = postProject
		{D3FFC3F8-AB7A-36BF-97EC-C049FB7B718D} = {D3FFC3F8-AB7A-36BF-97EC-C049FB7B718D}
	EndProjectSection
EndProject
Project("{930C7802-8A8C-48F9-8165-68863BCCD9DD}") = "Release", "Release\Release\Release.wixproj", "{61C8B0A2-CFEF-4E4C-B597-B8F293226CDE}"
EndProject
Global
	GlobalSection(SolutionConfigurationPlatforms) = preSolution
		Debug|Win32 = Debug|Win32
		MinSizeRel|Win32 = MinSizeRel|Win32
		Release|Win32 = Release|Win32
		RelWithDebInfo|Win32 = RelWithDebInfo|Win32
	EndGlobalSection
	GlobalSection(ProjectConfigurationPlatforms) = postSolution
		{CA7ED9BF-0580-3E60-8EC5-169B8DBDC316}.Debug|Win32.ActiveCfg = Debug|Win32
		{CA7ED9BF-0580-3E60-8EC5-169B8DBDC316}.MinSizeRel|Win32.ActiveCfg = MinSizeRel|Win32
		{CA7ED9BF-0580-3E60-8EC5-169B8DBDC316}.Release|Win32.ActiveCfg = Release|Win32
		{CA7ED9BF-0580-3E60-8EC5-169B8DBDC316}.RelWithDebInfo|Win32.ActiveCfg = RelWithDebInfo|Win32
		{2FAD13EE-90BF-3E30-8AA3-636B09D8CB21}.Debug|Win32.ActiveCfg = Debug|Win32
		{2FAD13EE-90BF-3E30-8AA3-636B09D8CB21}.Debug|Win32.Build.0 = Debug|Win32
		{2FAD13EE-90BF-3E30-8AA3-636B09D8CB21}.MinSizeRel|Win32.ActiveCfg = MinSizeRel|Win32
		{2FAD13EE-90BF-3E30-8AA3-636B09D8CB21}.MinSizeRel|Win32.Build.0 = MinSizeRel|Win32
		{2FAD13EE-90BF-3E30-8AA3-636B09D8CB21}.Release|Win32.ActiveCfg = Release|Win32
		{2FAD13EE-90BF-3E30-8AA3-636B09D8CB21}.Release|Win32.Build.0 = Release|Win32
		{2FAD13EE-90BF-3E30-8AA3-636B09D8CB21}.RelWithDebInfo|Win32.ActiveCfg = RelWithDebInfo|Win32
		{2FAD13EE-90BF-3E30-8AA3-636B09D8CB21}.RelWithDebInfo|Win32.Build.0 = RelWithDebInfo|Win32
		{D3FFC3F8-AB7A-36BF-97EC-C049FB7B718D}.Debug|Win32.ActiveCfg = Debug|Win32
		{D3FFC3F8-AB7A-36BF-97EC-C049FB7B718D}.Debug|Win32.Build.0 = Debug|Win32
		{D3FFC3F8-AB7A-36BF-97EC-C049FB7B718D}.MinSizeRel|Win32.ActiveCfg = MinSizeRel|Win32
		{D3FFC3F8-AB7A-36BF-97EC-C049FB7B718D}.MinSizeRel|Win32.Build.0 = MinSizeRel|Win32
		{D3FFC3F8-AB7A-36BF-97EC-C049FB7B718D}.Release|Win32.ActiveCfg = Release|Win32
		{D3FFC3F8-AB7A-36BF-97EC-C049FB7B718D}.Release|Win32.Build.0 = Release|Win32
		{D3FFC3F8-AB7A-36BF-97EC-C049FB7B718D}.RelWithDebInfo|Win32.ActiveCfg = RelWithDebInfo|Win32
		{D3FFC3F8-AB7A-36BF-97EC-C049FB7B718D}.RelWithDebInfo|Win32.Build.0 = RelWithDebInfo|Win32
		{0C17B002-86D2-3DA6-9E8A-DD9B5D4A6600}.Debug|Win32.ActiveCfg = Debug|Win32
		{0C17B002-86D2-3DA6-9E8A-DD9B5D4A6600}.Debug|Win32.Build.0 = Debug|Win32
		{0C17B002-86D2-3DA6-9E8A-DD9B5D4A6600}.MinSizeRel|Win32.ActiveCfg = MinSizeRel|Win32
		{0C17B002-86D2-3DA6-9E8A-DD9B5D4A6600}.MinSizeRel|Win32.Build.0 = MinSizeRel|Win32
		{0C17B002-86D2-3DA6-9E8A-DD9B5D4A6600}.Release|Win32.ActiveCfg = Release|Win32
		{0C17B002-86D2-3DA6-9E8A-DD9B5D4A6600}.Release|Win32.Build.0 = Release|Win32
		{0C17B002-86D2-3DA6-9E8A-DD9B5D4A6600}.RelWithDebInfo|Win32.ActiveCfg = RelWithDebInfo|Win32
		{0C17B002-86D2-3DA6-9E8A-DD9B5D4A6600}.RelWithDebInfo|Win32.Build.0 = RelWithDebInfo|Win32
		{1F712C37-5DD3-393C-B0AC-621673114DEE}.Debug|Win32.ActiveCfg = Debug|Win32
		{1F712C37-5DD3-393C-B0AC-621673114DEE}.Debug|Win32.Build.0 = Debug|Win32
		{1F712C37-5DD3-393C-B0AC-621673114DEE}.MinSizeRel|Win32.ActiveCfg = MinSizeRel|Win32
		{1F712C37-5DD3-393C-B0AC-621673114DEE}.MinSizeRel|Win32.Build.0 = MinSizeRel|Win32
		{1F712C37-5DD3-393C-B0AC-621673114DEE}.Release|Win32.ActiveCfg = Release|Win32
		{1F712C37-5DD3-393C-B0AC-621673114DEE}.Release|Win32.Build.0 = Release|Win32
		{1F712C37-5DD3-393C-B0AC-621673114DEE}.RelWithDebInfo|Win32.ActiveCfg = RelWithDebInfo|Win32
		{1F712C37-5DD3-393C-B0AC-621673114DEE}.RelWithDebInfo|Win32.Build.0 = RelWithDebInfo|Win32
		{41081675-4A99-351D-BAE9-BB34B94B0CF5}.Debug|Win32.ActiveCfg = Debug|Win32
		{41081675-4A99-351D-BAE9-BB34B94B0CF5}.Debug|Win32.Build.0 = Debug|Win32
		{41081675-4A99-351D-BAE9-BB34B94B0CF5}.MinSizeRel|Win32.ActiveCfg = MinSizeRel|Win32
		{41081675-4A99-351D-BAE9-BB34B94B0CF5}.MinSizeRel|Win32.Build.0 = MinSizeRel|Win32
		{41081675-4A99-351D-BAE9-BB34B94B0CF5}.Release|Win32.ActiveCfg = Release|Win32
		{41081675-4A99-351D-BAE9-BB34B94B0CF5}.Release|Win32.Build.0 = Release|Win32
		{41081675-4A99-351D-BAE9-BB34B94B0CF5}.RelWithDebInfo|Win32.ActiveCfg = RelWithDebInfo|Win32
		{41081675-4A99-351D-BAE9-BB34B94B0CF5}.RelWithDebInfo|Win32.Build.0 = RelWithDebInfo|Win32
		{127C53F2-6EFF-3E5E-8FD3-19DA67DD99C9}.Debug|Win32.ActiveCfg = Debug|Win32
		{127C53F2-6EFF-3E5E-8FD3-19DA67DD99C9}.Debug|Win32.Build.0 = Debug|Win32
		{127C53F2-6EFF-3E5E-8FD3-19DA67DD99C9}.MinSizeRel|Win32.ActiveCfg = MinSizeRel|Win32
		{127C53F2-6EFF-3E5E-8FD3-19DA67DD99C9}.MinSizeRel|Win32.Build.0 = MinSizeRel|Win32
		{127C53F2-6EFF-3E5E-8FD3-19DA67DD99C9}.Release|Win32.ActiveCfg = Release|Win32
		{127C53F2-6EFF-3E5E-8FD3-19DA67DD99C9}.Release|Win32.Build.0 = Release|Win32
		{127C53F2-6EFF-3E5E-8FD3-19DA67DD99C9}.RelWithDebInfo|Win32.ActiveCfg = RelWithDebInfo|Win32
		{127C53F2-6EFF-3E5E-8FD3-19DA67DD99C9}.RelWithDebInfo|Win32.Build.0 = RelWithDebInfo|Win32
		{789F92C7-51FB-3010-95DC-4D2738823FD2}.Debug|Win32.ActiveCfg = Debug|Win32
		{789F92C7-51FB-3010-95DC-4D2738823FD2}.Debug|Win32.Build.0 = Debug|Win32
		{789F92C7-51FB-3010-95DC-4D2738823FD2}.MinSizeRel|Win32.ActiveCfg = MinSizeRel|Win32
		{789F92C7-51FB-3010-95DC-4D2738823FD2}.MinSizeRel|Win32.Build.0 = MinSizeRel|Win32
		{789F92C7-51FB-3010-95DC-4D2738823FD2}.Release|Win32.ActiveCfg = Release|Win32
		{789F92C7-51FB-3010-95DC-4D2738823FD2}.Release|Win32.Build.0 = Release|Win32
		{789F92C7-51FB-3010-95DC-4D2738823FD2}.RelWithDebInfo|Win32.ActiveCfg = RelWithDebInfo|Win32
		{789F92C7-51FB-3010-95DC-4D2738823FD2}.RelWithDebInfo|Win32.Build.0 = RelWithDebInfo|Win32
		{7A0FD772-B4A2-3D82-883B-B7B1AD6B1730}.Debug|Win32.ActiveCfg = Debug|Win32
		{7A0FD772-B4A2-3D82-883B-B7B1AD6B1730}.Debug|Win32.Build.0 = Debug|Win32
		{7A0FD772-B4A2-3D82-883B-B7B1AD6B1730}.MinSizeRel|Win32.ActiveCfg = MinSizeRel|Win32
		{7A0FD772-B4A2-3D82-883B-B7B1AD6B1730}.MinSizeRel|Win32.Build.0 = MinSizeRel|Win32
		{7A0FD772-B4A2-3D82-883B-B7B1AD6B1730}.Release|Win32.ActiveCfg = Release|Win32
		{7A0FD772-B4A2-3D82-883B-B7B1AD6B1730}.Release|Win32.Build.0 = Release|Win32
		{7A0FD772-B4A2-3D82-883B-B7B1AD6B1730}.RelWithDebInfo|Win32.ActiveCfg = RelWithDebInfo|Win32
		{7A0FD772-B4A2-3D82-883B-B7B1AD6B1730}.RelWithDebInfo|Win32.Build.0 = RelWithDebInfo|Win32
		{61C8B0A2-CFEF-4E4C-B597-B8F293226CDE}.Debug|Win32.ActiveCfg = Debug|x86
		{61C8B0A2-CFEF-4E4C-B597-B8F293226CDE}.Debug|Win32.Build.0 = Debug|x86
		{61C8B0A2-CFEF-4E4C-B597-B8F293226CDE}.MinSizeRel|Win32.ActiveCfg = Release|x86
		{61C8B0A2-CFEF-4E4C-B597-B8F293226CDE}.MinSizeRel|Win32.Build.0 = Release|x86
		{61C8B0A2-CFEF-4E4C-B597-B8F293226CDE}.Release|Win32.ActiveCfg = Release|x86
		{61C8B0A2-CFEF-4E4C-B597-B8F293226CDE}.Release|Win32.Build.0 = Release|x86
		{61C8B0A2-CFEF-4E4C-B597-B8F293226CDE}.RelWithDebInfo|Win32.ActiveCfg = Release|x86
		{61C8B0A2-CFEF-4E4C-B597-B8F293226CDE}.RelWithDebInfo|Win32.Build.0 = Release|x86
	EndGlobalSection
	GlobalSection(SolutionProperties) = preSolution
		HideSolutionNode = FALSE
	EndGlobalSection
EndGlobal
