Microsoft Visual Studio Solution File, Format Version 12.00
# Visual Studio 14
Project("{8BC9CEB8-8B4A-11D0-8D11-00A0C91BC942}") = "ALL_BUILD", "ALL_BUILD.vcxproj", "{709841FF-6CDD-3014-9130-20663053F258}"
	ProjectSection(ProjectDependencies) = postProject
		{DD66D1CB-46D4-3F1E-9F3C-AFA88D18485E} = {DD66D1CB-46D4-3F1E-9F3C-AFA88D18485E}
		{A42A272F-F384-3EAD-B519-431F6424489F} = {A42A272F-F384-3EAD-B519-431F6424489F}
	EndProjectSection
EndProject
Project("{8BC9CEB8-8B4A-11D0-8D11-00A0C91BC942}") = "ZERO_CHECK", "ZERO_CHECK.vcxproj", "{DD66D1CB-46D4-3F1E-9F3C-AFA88D18485E}"
	ProjectSection(ProjectDependencies) = postProject
	EndProjectSection
EndProject
Project("{8BC9CEB8-8B4A-11D0-8D11-00A0C91BC942}") = "say_hello", "say_hello.vcxproj", "{A42A272F-F384-3EAD-B519-431F6424489F}"
	ProjectSection(ProjectDependencies) = postProject
		{DD66D1CB-46D4-3F1E-9F3C-AFA88D18485E} = {DD66D1CB-46D4-3F1E-9F3C-AFA88D18485E}
	EndProjectSection
EndProject
Global
	GlobalSection(SolutionConfigurationPlatforms) = preSolution
		Debug|Win32 = Debug|Win32
		Release|Win32 = Release|Win32
		MinSizeRel|Win32 = MinSizeRel|Win32
		RelWithDebInfo|Win32 = RelWithDebInfo|Win32
	EndGlobalSection
	GlobalSection(ProjectConfigurationPlatforms) = postSolution
		{709841FF-6CDD-3014-9130-20663053F258}.Debug|Win32.ActiveCfg = Debug|Win32
		{709841FF-6CDD-3014-9130-20663053F258}.Release|Win32.ActiveCfg = Release|Win32
		{709841FF-6CDD-3014-9130-20663053F258}.MinSizeRel|Win32.ActiveCfg = MinSizeRel|Win32
		{709841FF-6CDD-3014-9130-20663053F258}.RelWithDebInfo|Win32.ActiveCfg = RelWithDebInfo|Win32
		{DD66D1CB-46D4-3F1E-9F3C-AFA88D18485E}.Debug|Win32.ActiveCfg = Debug|Win32
		{DD66D1CB-46D4-3F1E-9F3C-AFA88D18485E}.Debug|Win32.Build.0 = Debug|Win32
		{DD66D1CB-46D4-3F1E-9F3C-AFA88D18485E}.Release|Win32.ActiveCfg = Release|Win32
		{DD66D1CB-46D4-3F1E-9F3C-AFA88D18485E}.Release|Win32.Build.0 = Release|Win32
		{DD66D1CB-46D4-3F1E-9F3C-AFA88D18485E}.MinSizeRel|Win32.ActiveCfg = MinSizeRel|Win32
		{DD66D1CB-46D4-3F1E-9F3C-AFA88D18485E}.MinSizeRel|Win32.Build.0 = MinSizeRel|Win32
		{DD66D1CB-46D4-3F1E-9F3C-AFA88D18485E}.RelWithDebInfo|Win32.ActiveCfg = RelWithDebInfo|Win32
		{DD66D1CB-46D4-3F1E-9F3C-AFA88D18485E}.RelWithDebInfo|Win32.Build.0 = RelWithDebInfo|Win32
		{A42A272F-F384-3EAD-B519-431F6424489F}.Debug|Win32.ActiveCfg = Debug|Win32
		{A42A272F-F384-3EAD-B519-431F6424489F}.Debug|Win32.Build.0 = Debug|Win32
		{A42A272F-F384-3EAD-B519-431F6424489F}.Release|Win32.ActiveCfg = Release|Win32
		{A42A272F-F384-3EAD-B519-431F6424489F}.Release|Win32.Build.0 = Release|Win32
		{A42A272F-F384-3EAD-B519-431F6424489F}.MinSizeRel|Win32.ActiveCfg = MinSizeRel|Win32
		{A42A272F-F384-3EAD-B519-431F6424489F}.MinSizeRel|Win32.Build.0 = MinSizeRel|Win32
		{A42A272F-F384-3EAD-B519-431F6424489F}.RelWithDebInfo|Win32.ActiveCfg = RelWithDebInfo|Win32
		{A42A272F-F384-3EAD-B519-431F6424489F}.RelWithDebInfo|Win32.Build.0 = RelWithDebInfo|Win32
	EndGlobalSection
	GlobalSection(ExtensibilityGlobals) = postSolution
	EndGlobalSection
	GlobalSection(ExtensibilityAddIns) = postSolution
	EndGlobalSection
EndGlobal
