<?xml version="1.0" encoding="UTF-8"?>
<Project ToolsVersion="14.0" xmlns="http://schemas.microsoft.com/developer/msbuild/2003">
  <ItemGroup>
    <CustomBuild Include="C:\Users\lucie\Desktop\Epitech\C++ Avancé\Spider\cmake\CMakeFiles\cc8aabd09f860ca4c64cb49433fd3a9e\generate.stamp.rule">
      <Filter>CMake Rules</Filter>
    </CustomBuild>
  </ItemGroup>
  <ItemGroup>
    <Filter Include="CMake Rules">
      <UniqueIdentifier>{337C60C5-9E1E-354E-B03E-C41991730CE7}</UniqueIdentifier>
    </Filter>
  </ItemGroup>
</Project>
